// !$*UTF8*$!
{
	archiveVersion = 1;
	classes = {
	};
	objectVersion = 51;
	objects = {

/* Begin PBXBuildFile section */
		233E3E55243C373B00A64EB3 /* AppDelegate.swift in Sources */ = {isa = PBXBuildFile; fileRef = 233E3E54243C373B00A64EB3 /* AppDelegate.swift */; };
		233E3E57243C373B00A64EB3 /* SceneDelegate.swift in Sources */ = {isa = PBXBuildFile; fileRef = 233E3E56243C373B00A64EB3 /* SceneDelegate.swift */; };
		233E3E59243C373B00A64EB3 /* ViewController.swift in Sources */ = {isa = PBXBuildFile; fileRef = 233E3E58243C373B00A64EB3 /* ViewController.swift */; };
		233E3E5C243C373B00A64EB3 /* Main.storyboard in Resources */ = {isa = PBXBuildFile; fileRef = 233E3E5A243C373B00A64EB3 /* Main.storyboard */; };
		233E3E5F243C373C00A64EB3 /* RSSReader.xcdatamodeld in Sources */ = {isa = PBXBuildFile; fileRef = 233E3E5D243C373C00A64EB3 /* RSSReader.xcdatamodeld */; };
		233E3E61243C373C00A64EB3 /* Assets.xcassets in Resources */ = {isa = PBXBuildFile; fileRef = 233E3E60243C373C00A64EB3 /* Assets.xcassets */; };
		233E3E64243C373C00A64EB3 /* LaunchScreen.storyboard in Resources */ = {isa = PBXBuildFile; fileRef = 233E3E62243C373C00A64EB3 /* LaunchScreen.storyboard */; };
		233E3E6F243C373C00A64EB3 /* RSSReaderTests.swift in Sources */ = {isa = PBXBuildFile; fileRef = 233E3E6E243C373C00A64EB3 /* RSSReaderTests.swift */; };
		233E3E7A243C373C00A64EB3 /* RSSReaderUITests.swift in Sources */ = {isa = PBXBuildFile; fileRef = 233E3E79243C373C00A64EB3 /* RSSReaderUITests.swift */; };
		233E3E88243C4CD700A64EB3 /* SplashViewController.swift in Sources */ = {isa = PBXBuildFile; fileRef = 233E3E87243C4CD700A64EB3 /* SplashViewController.swift */; };
		233E3E8E243C503700A64EB3 /* RSSTableViewController.swift in Sources */ = {isa = PBXBuildFile; fileRef = 233E3E8D243C503700A64EB3 /* RSSTableViewController.swift */; };
		233E3E91243C68EF00A64EB3 /* CustomTableViewCell.swift in Sources */ = {isa = PBXBuildFile; fileRef = 233E3E90243C68EF00A64EB3 /* CustomTableViewCell.swift */; };
		233E3E96243C7A2500A64EB3 /* RssClient.swift in Sources */ = {isa = PBXBuildFile; fileRef = 233E3E95243C7A2500A64EB3 /* RssClient.swift */; };
		2393AEFC2446CC2900D7394F /* WebViewController.swift in Sources */ = {isa = PBXBuildFile; fileRef = 2393AEFB2446CC2900D7394F /* WebViewController.swift */; };
		2393AF002446DE4700D7394F /* UIViewControllerExtension.swift in Sources */ = {isa = PBXBuildFile; fileRef = 2393AEFF2446DE4700D7394F /* UIViewControllerExtension.swift */; };
		2393AF042446E17D00D7394F /* WebKit.framework in Frameworks */ = {isa = PBXBuildFile; fileRef = 2393AEFD2446D25B00D7394F /* WebKit.framework */; };
		239ADBBC243D8D2A00EB6BD1 /* NewsType.swift in Sources */ = {isa = PBXBuildFile; fileRef = 239ADBBB243D8D2A00EB6BD1 /* NewsType.swift */; };
		239ADBBE243D8E3700EB6BD1 /* ArticleList.swift in Sources */ = {isa = PBXBuildFile; fileRef = 239ADBBD243D8E3700EB6BD1 /* ArticleList.swift */; };
		243EDF62E78F97184A3FA91E /* libPods-RSSReader-RSSReaderUITests.a in Frameworks */ = {isa = PBXBuildFile; fileRef = 297B0EFE4DC977811C18C58F /* libPods-RSSReader-RSSReaderUITests.a */; };
		7413EB7DB60A36E973FE96BA /* libPods-RSSReaderTests.a in Frameworks */ = {isa = PBXBuildFile; fileRef = 8D62733CAD1498CFA44560C9 /* libPods-RSSReaderTests.a */; };
		F47C774525A616E66C28569E /* libPods-RSSReader.a in Frameworks */ = {isa = PBXBuildFile; fileRef = 2187CA1FA5C042412A7E88B1 /* libPods-RSSReader.a */; };
/* End PBXBuildFile section */

/* Begin PBXContainerItemProxy section */
		233E3E6B243C373C00A64EB3 /* PBXContainerItemProxy */ = {
			isa = PBXContainerItemProxy;
			containerPortal = 233E3E49243C373B00A64EB3 /* Project object */;
			proxyType = 1;
			remoteGlobalIDString = 233E3E50243C373B00A64EB3;
			remoteInfo = RSSReader;
		};
		233E3E76243C373C00A64EB3 /* PBXContainerItemProxy */ = {
			isa = PBXContainerItemProxy;
			containerPortal = 233E3E49243C373B00A64EB3 /* Project object */;
			proxyType = 1;
			remoteGlobalIDString = 233E3E50243C373B00A64EB3;
			remoteInfo = RSSReader;
		};
/* End PBXContainerItemProxy section */

/* Begin PBXFileReference section */
		166890AA1890C8568E746A27 /* Pods-RSSReader.debug.xcconfig */ = {isa = PBXFileReference; includeInIndex = 1; lastKnownFileType = text.xcconfig; name = "Pods-RSSReader.debug.xcconfig"; path = "Target Support Files/Pods-RSSReader/Pods-RSSReader.debug.xcconfig"; sourceTree = "<group>"; };
		18C89AD9CEC549AFF0B54728 /* Pods-RSSReader.release.xcconfig */ = {isa = PBXFileReference; includeInIndex = 1; lastKnownFileType = text.xcconfig; name = "Pods-RSSReader.release.xcconfig"; path = "Target Support Files/Pods-RSSReader/Pods-RSSReader.release.xcconfig"; sourceTree = "<group>"; };
		2187CA1FA5C042412A7E88B1 /* libPods-RSSReader.a */ = {isa = PBXFileReference; explicitFileType = archive.ar; includeInIndex = 0; path = "libPods-RSSReader.a"; sourceTree = BUILT_PRODUCTS_DIR; };
		233E3E51243C373B00A64EB3 /* RSSReader.app */ = {isa = PBXFileReference; explicitFileType = wrapper.application; includeInIndex = 0; path = RSSReader.app; sourceTree = BUILT_PRODUCTS_DIR; };
		233E3E54243C373B00A64EB3 /* AppDelegate.swift */ = {isa = PBXFileReference; lastKnownFileType = sourcecode.swift; path = AppDelegate.swift; sourceTree = "<group>"; };
		233E3E56243C373B00A64EB3 /* SceneDelegate.swift */ = {isa = PBXFileReference; lastKnownFileType = sourcecode.swift; path = SceneDelegate.swift; sourceTree = "<group>"; };
		233E3E58243C373B00A64EB3 /* ViewController.swift */ = {isa = PBXFileReference; lastKnownFileType = sourcecode.swift; path = ViewController.swift; sourceTree = "<group>"; };
		233E3E5B243C373B00A64EB3 /* Base */ = {isa = PBXFileReference; lastKnownFileType = file.storyboard; name = Base; path = Base.lproj/Main.storyboard; sourceTree = "<group>"; };
		233E3E5E243C373C00A64EB3 /* RSSReader.xcdatamodel */ = {isa = PBXFileReference; lastKnownFileType = wrapper.xcdatamodel; path = RSSReader.xcdatamodel; sourceTree = "<group>"; };
		233E3E60243C373C00A64EB3 /* Assets.xcassets */ = {isa = PBXFileReference; lastKnownFileType = folder.assetcatalog; path = Assets.xcassets; sourceTree = "<group>"; };
		233E3E63243C373C00A64EB3 /* Base */ = {isa = PBXFileReference; lastKnownFileType = file.storyboard; name = Base; path = Base.lproj/LaunchScreen.storyboard; sourceTree = "<group>"; };
		233E3E65243C373C00A64EB3 /* Info.plist */ = {isa = PBXFileReference; lastKnownFileType = text.plist.xml; path = Info.plist; sourceTree = "<group>"; };
		233E3E6A243C373C00A64EB3 /* RSSReaderTests.xctest */ = {isa = PBXFileReference; explicitFileType = wrapper.cfbundle; includeInIndex = 0; path = RSSReaderTests.xctest; sourceTree = BUILT_PRODUCTS_DIR; };
		233E3E6E243C373C00A64EB3 /* RSSReaderTests.swift */ = {isa = PBXFileReference; lastKnownFileType = sourcecode.swift; path = RSSReaderTests.swift; sourceTree = "<group>"; };
		233E3E70243C373C00A64EB3 /* Info.plist */ = {isa = PBXFileReference; lastKnownFileType = text.plist.xml; path = Info.plist; sourceTree = "<group>"; };
		233E3E75243C373C00A64EB3 /* RSSReaderUITests.xctest */ = {isa = PBXFileReference; explicitFileType = wrapper.cfbundle; includeInIndex = 0; path = RSSReaderUITests.xctest; sourceTree = BUILT_PRODUCTS_DIR; };
		233E3E79243C373C00A64EB3 /* RSSReaderUITests.swift */ = {isa = PBXFileReference; lastKnownFileType = sourcecode.swift; path = RSSReaderUITests.swift; sourceTree = "<group>"; };
		233E3E7B243C373C00A64EB3 /* Info.plist */ = {isa = PBXFileReference; lastKnownFileType = text.plist.xml; path = Info.plist; sourceTree = "<group>"; };
		233E3E87243C4CD700A64EB3 /* SplashViewController.swift */ = {isa = PBXFileReference; lastKnownFileType = sourcecode.swift; path = SplashViewController.swift; sourceTree = "<group>"; };
		233E3E8D243C503700A64EB3 /* RSSTableViewController.swift */ = {isa = PBXFileReference; lastKnownFileType = sourcecode.swift; path = RSSTableViewController.swift; sourceTree = "<group>"; };
		233E3E90243C68EF00A64EB3 /* CustomTableViewCell.swift */ = {isa = PBXFileReference; lastKnownFileType = sourcecode.swift; path = CustomTableViewCell.swift; sourceTree = "<group>"; };
		233E3E95243C7A2500A64EB3 /* RssClient.swift */ = {isa = PBXFileReference; lastKnownFileType = sourcecode.swift; path = RssClient.swift; sourceTree = "<group>"; };
		2393AEFB2446CC2900D7394F /* WebViewController.swift */ = {isa = PBXFileReference; lastKnownFileType = sourcecode.swift; path = WebViewController.swift; sourceTree = "<group>"; };
		2393AEFD2446D25B00D7394F /* WebKit.framework */ = {isa = PBXFileReference; lastKnownFileType = wrapper.framework; name = WebKit.framework; path = System/Library/Frameworks/WebKit.framework; sourceTree = SDKROOT; };
		2393AEFF2446DE4700D7394F /* UIViewControllerExtension.swift */ = {isa = PBXFileReference; lastKnownFileType = sourcecode.swift; path = UIViewControllerExtension.swift; sourceTree = "<group>"; };
		239ADBBB243D8D2A00EB6BD1 /* NewsType.swift */ = {isa = PBXFileReference; lastKnownFileType = sourcecode.swift; path = NewsType.swift; sourceTree = "<group>"; };
		239ADBBD243D8E3700EB6BD1 /* ArticleList.swift */ = {isa = PBXFileReference; lastKnownFileType = sourcecode.swift; path = ArticleList.swift; sourceTree = "<group>"; };
		297B0EFE4DC977811C18C58F /* libPods-RSSReader-RSSReaderUITests.a */ = {isa = PBXFileReference; explicitFileType = archive.ar; includeInIndex = 0; path = "libPods-RSSReader-RSSReaderUITests.a"; sourceTree = BUILT_PRODUCTS_DIR; };
		81450DA92986B38B640C91C2 /* Pods-RSSReader-RSSReaderUITests.debug.xcconfig */ = {isa = PBXFileReference; includeInIndex = 1; lastKnownFileType = text.xcconfig; name = "Pods-RSSReader-RSSReaderUITests.debug.xcconfig"; path = "Target Support Files/Pods-RSSReader-RSSReaderUITests/Pods-RSSReader-RSSReaderUITests.debug.xcconfig"; sourceTree = "<group>"; };
		8D13B59CD5495D518D6CC72A /* Pods-RSSReaderTests.debug.xcconfig */ = {isa = PBXFileReference; includeInIndex = 1; lastKnownFileType = text.xcconfig; name = "Pods-RSSReaderTests.debug.xcconfig"; path = "Target Support Files/Pods-RSSReaderTests/Pods-RSSReaderTests.debug.xcconfig"; sourceTree = "<group>"; };
		8D62733CAD1498CFA44560C9 /* libPods-RSSReaderTests.a */ = {isa = PBXFileReference; explicitFileType = archive.ar; includeInIndex = 0; path = "libPods-RSSReaderTests.a"; sourceTree = BUILT_PRODUCTS_DIR; };
		E422EE16FC12F303F24FA374 /* Pods-RSSReaderTests.release.xcconfig */ = {isa = PBXFileReference; includeInIndex = 1; lastKnownFileType = text.xcconfig; name = "Pods-RSSReaderTests.release.xcconfig"; path = "Target Support Files/Pods-RSSReaderTests/Pods-RSSReaderTests.release.xcconfig"; sourceTree = "<group>"; };
		FC025077D92145CE0F46E7C3 /* Pods-RSSReader-RSSReaderUITests.release.xcconfig */ = {isa = PBXFileReference; includeInIndex = 1; lastKnownFileType = text.xcconfig; name = "Pods-RSSReader-RSSReaderUITests.release.xcconfig"; path = "Target Support Files/Pods-RSSReader-RSSReaderUITests/Pods-RSSReader-RSSReaderUITests.release.xcconfig"; sourceTree = "<group>"; };
/* End PBXFileReference section */

/* Begin PBXFrameworksBuildPhase section */
		233E3E4E243C373B00A64EB3 /* Frameworks */ = {
			isa = PBXFrameworksBuildPhase;
			buildActionMask = 2147483647;
			files = (
				2393AF042446E17D00D7394F /* WebKit.framework in Frameworks */,
				F47C774525A616E66C28569E /* libPods-RSSReader.a in Frameworks */,
			);
			runOnlyForDeploymentPostprocessing = 0;
		};
		233E3E67243C373C00A64EB3 /* Frameworks */ = {
			isa = PBXFrameworksBuildPhase;
			buildActionMask = 2147483647;
			files = (
				7413EB7DB60A36E973FE96BA /* libPods-RSSReaderTests.a in Frameworks */,
			);
			runOnlyForDeploymentPostprocessing = 0;
		};
		233E3E72243C373C00A64EB3 /* Frameworks */ = {
			isa = PBXFrameworksBuildPhase;
			buildActionMask = 2147483647;
			files = (
				243EDF62E78F97184A3FA91E /* libPods-RSSReader-RSSReaderUITests.a in Frameworks */,
			);
			runOnlyForDeploymentPostprocessing = 0;
		};
/* End PBXFrameworksBuildPhase section */

/* Begin PBXGroup section */
		233E3E48243C373B00A64EB3 = {
			isa = PBXGroup;
			children = (
				233E3E53243C373B00A64EB3 /* RSSReader */,
				233E3E6D243C373C00A64EB3 /* RSSReaderTests */,
				233E3E78243C373C00A64EB3 /* RSSReaderUITests */,
				233E3E52243C373B00A64EB3 /* Products */,
				9FF51812A3B84E3BF4C261F1 /* Pods */,
				38E2882AE3C8B932BD5FF2E5 /* Frameworks */,
			);
			sourceTree = "<group>";
		};
		233E3E52243C373B00A64EB3 /* Products */ = {
			isa = PBXGroup;
			children = (
				233E3E51243C373B00A64EB3 /* RSSReader.app */,
				233E3E6A243C373C00A64EB3 /* RSSReaderTests.xctest */,
				233E3E75243C373C00A64EB3 /* RSSReaderUITests.xctest */,
			);
			name = Products;
			sourceTree = "<group>";
		};
		233E3E53243C373B00A64EB3 /* RSSReader */ = {
			isa = PBXGroup;
			children = (
				233E3E93243C79EB00A64EB3 /* Model */,
				233E3E92243C799C00A64EB3 /* Splash */,
				233E3E58243C373B00A64EB3 /* ViewController.swift */,
				233E3E89243C4F1B00A64EB3 /* Main */,
				233E3E54243C373B00A64EB3 /* AppDelegate.swift */,
				233E3E56243C373B00A64EB3 /* SceneDelegate.swift */,
				233E3E60243C373C00A64EB3 /* Assets.xcassets */,
				233E3E65243C373C00A64EB3 /* Info.plist */,
				233E3E5D243C373C00A64EB3 /* RSSReader.xcdatamodeld */,
				2393AEFF2446DE4700D7394F /* UIViewControllerExtension.swift */,
			);
			path = RSSReader;
			sourceTree = "<group>";
		};
		233E3E6D243C373C00A64EB3 /* RSSReaderTests */ = {
			isa = PBXGroup;
			children = (
				233E3E6E243C373C00A64EB3 /* RSSReaderTests.swift */,
				233E3E70243C373C00A64EB3 /* Info.plist */,
			);
			path = RSSReaderTests;
			sourceTree = "<group>";
		};
		233E3E78243C373C00A64EB3 /* RSSReaderUITests */ = {
			isa = PBXGroup;
			children = (
				233E3E79243C373C00A64EB3 /* RSSReaderUITests.swift */,
				233E3E7B243C373C00A64EB3 /* Info.plist */,
			);
			path = RSSReaderUITests;
			sourceTree = "<group>";
		};
		233E3E89243C4F1B00A64EB3 /* Main */ = {
			isa = PBXGroup;
			children = (
				233E3E5A243C373B00A64EB3 /* Main.storyboard */,
				233E3E90243C68EF00A64EB3 /* CustomTableViewCell.swift */,
				233E3E8D243C503700A64EB3 /* RSSTableViewController.swift */,
				2393AEFB2446CC2900D7394F /* WebViewController.swift */,
			);
			path = Main;
			sourceTree = "<group>";
		};
		233E3E92243C799C00A64EB3 /* Splash */ = {
			isa = PBXGroup;
			children = (
				233E3E87243C4CD700A64EB3 /* SplashViewController.swift */,
				233E3E62243C373C00A64EB3 /* LaunchScreen.storyboard */,
			);
			path = Splash;
			sourceTree = "<group>";
		};
		233E3E93243C79EB00A64EB3 /* Model */ = {
			isa = PBXGroup;
			children = (
				233E3E94243C79F800A64EB3 /* Network */,
			);
			path = Model;
			sourceTree = "<group>";
		};
		233E3E94243C79F800A64EB3 /* Network */ = {
			isa = PBXGroup;
			children = (
				233E3E95243C7A2500A64EB3 /* RssClient.swift */,
				239ADBBB243D8D2A00EB6BD1 /* NewsType.swift */,
				239ADBBD243D8E3700EB6BD1 /* ArticleList.swift */,
			);
			path = Network;
			sourceTree = "<group>";
		};
		38E2882AE3C8B932BD5FF2E5 /* Frameworks */ = {
			isa = PBXGroup;
			children = (
				2393AEFD2446D25B00D7394F /* WebKit.framework */,
				2187CA1FA5C042412A7E88B1 /* libPods-RSSReader.a */,
				297B0EFE4DC977811C18C58F /* libPods-RSSReader-RSSReaderUITests.a */,
				8D62733CAD1498CFA44560C9 /* libPods-RSSReaderTests.a */,
			);
			name = Frameworks;
			sourceTree = "<group>";
		};
		9FF51812A3B84E3BF4C261F1 /* Pods */ = {
			isa = PBXGroup;
			children = (
				166890AA1890C8568E746A27 /* Pods-RSSReader.debug.xcconfig */,
				18C89AD9CEC549AFF0B54728 /* Pods-RSSReader.release.xcconfig */,
				81450DA92986B38B640C91C2 /* Pods-RSSReader-RSSReaderUITests.debug.xcconfig */,
				FC025077D92145CE0F46E7C3 /* Pods-RSSReader-RSSReaderUITests.release.xcconfig */,
				8D13B59CD5495D518D6CC72A /* Pods-RSSReaderTests.debug.xcconfig */,
				E422EE16FC12F303F24FA374 /* Pods-RSSReaderTests.release.xcconfig */,
			);
			path = Pods;
			sourceTree = "<group>";
		};
/* End PBXGroup section */

/* Begin PBXNativeTarget section */
		233E3E50243C373B00A64EB3 /* RSSReader */ = {
			isa = PBXNativeTarget;
			buildConfigurationList = 233E3E7E243C373C00A64EB3 /* Build configuration list for PBXNativeTarget "RSSReader" */;
			buildPhases = (
				47FED5254DD898ADFE51DB5E /* [CP] Check Pods Manifest.lock */,
				233E3E4D243C373B00A64EB3 /* Sources */,
				233E3E4E243C373B00A64EB3 /* Frameworks */,
				233E3E4F243C373B00A64EB3 /* Resources */,
			);
			buildRules = (
			);
			dependencies = (
			);
			name = RSSReader;
			productName = RSSReader;
			productReference = 233E3E51243C373B00A64EB3 /* RSSReader.app */;
			productType = "com.apple.product-type.application";
		};
		233E3E69243C373C00A64EB3 /* RSSReaderTests */ = {
			isa = PBXNativeTarget;
			buildConfigurationList = 233E3E81243C373C00A64EB3 /* Build configuration list for PBXNativeTarget "RSSReaderTests" */;
			buildPhases = (
				2BBD2BD2D5F32D5BBA35CD75 /* [CP] Check Pods Manifest.lock */,
				233E3E66243C373C00A64EB3 /* Sources */,
				233E3E67243C373C00A64EB3 /* Frameworks */,
				233E3E68243C373C00A64EB3 /* Resources */,
			);
			buildRules = (
			);
			dependencies = (
				233E3E6C243C373C00A64EB3 /* PBXTargetDependency */,
			);
			name = RSSReaderTests;
			productName = RSSReaderTests;
			productReference = 233E3E6A243C373C00A64EB3 /* RSSReaderTests.xctest */;
			productType = "com.apple.product-type.bundle.unit-test";
		};
		233E3E74243C373C00A64EB3 /* RSSReaderUITests */ = {
			isa = PBXNativeTarget;
			buildConfigurationList = 233E3E84243C373C00A64EB3 /* Build configuration list for PBXNativeTarget "RSSReaderUITests" */;
			buildPhases = (
				0D9C7870DEBD1CA8D90D92E8 /* [CP] Check Pods Manifest.lock */,
				233E3E71243C373C00A64EB3 /* Sources */,
				233E3E72243C373C00A64EB3 /* Frameworks */,
				233E3E73243C373C00A64EB3 /* Resources */,
			);
			buildRules = (
			);
			dependencies = (
				233E3E77243C373C00A64EB3 /* PBXTargetDependency */,
			);
			name = RSSReaderUITests;
			productName = RSSReaderUITests;
			productReference = 233E3E75243C373C00A64EB3 /* RSSReaderUITests.xctest */;
			productType = "com.apple.product-type.bundle.ui-testing";
		};
/* End PBXNativeTarget section */

/* Begin PBXProject section */
		233E3E49243C373B00A64EB3 /* Project object */ = {
			isa = PBXProject;
			attributes = {
				LastSwiftUpdateCheck = 1140;
				LastUpgradeCheck = 1140;
				ORGANIZATIONNAME = co.jp.vivinet;
				TargetAttributes = {
					233E3E50243C373B00A64EB3 = {
						CreatedOnToolsVersion = 11.4;
					};
					233E3E69243C373C00A64EB3 = {
						CreatedOnToolsVersion = 11.4;
						TestTargetID = 233E3E50243C373B00A64EB3;
					};
					233E3E74243C373C00A64EB3 = {
						CreatedOnToolsVersion = 11.4;
						TestTargetID = 233E3E50243C373B00A64EB3;
					};
				};
			};
			buildConfigurationList = 233E3E4C243C373B00A64EB3 /* Build configuration list for PBXProject "RSSReader" */;
			compatibilityVersion = "Xcode 9.3";
			developmentRegion = en;
			hasScannedForEncodings = 0;
			knownRegions = (
				en,
				Base,
			);
			mainGroup = 233E3E48243C373B00A64EB3;
			productRefGroup = 233E3E52243C373B00A64EB3 /* Products */;
			projectDirPath = "";
			projectRoot = "";
			targets = (
				233E3E50243C373B00A64EB3 /* RSSReader */,
				233E3E69243C373C00A64EB3 /* RSSReaderTests */,
				233E3E74243C373C00A64EB3 /* RSSReaderUITests */,
			);
		};
/* End PBXProject section */

/* Begin PBXResourcesBuildPhase section */
		233E3E4F243C373B00A64EB3 /* Resources */ = {
			isa = PBXResourcesBuildPhase;
			buildActionMask = 2147483647;
			files = (
				233E3E64243C373C00A64EB3 /* LaunchScreen.storyboard in Resources */,
				233E3E61243C373C00A64EB3 /* Assets.xcassets in Resources */,
				233E3E5C243C373B00A64EB3 /* Main.storyboard in Resources */,
			);
			runOnlyForDeploymentPostprocessing = 0;
		};
		233E3E68243C373C00A64EB3 /* Resources */ = {
			isa = PBXResourcesBuildPhase;
			buildActionMask = 2147483647;
			files = (
			);
			runOnlyForDeploymentPostprocessing = 0;
		};
		233E3E73243C373C00A64EB3 /* Resources */ = {
			isa = PBXResourcesBuildPhase;
			buildActionMask = 2147483647;
			files = (
			);
			runOnlyForDeploymentPostprocessing = 0;
		};
/* End PBXResourcesBuildPhase section */

/* Begin PBXShellScriptBuildPhase section */
		0D9C7870DEBD1CA8D90D92E8 /* [CP] Check Pods Manifest.lock */ = {
			isa = PBXShellScriptBuildPhase;
			buildActionMask = 2147483647;
			files = (
			);
			inputFileListPaths = (
			);
			inputPaths = (
				"${PODS_PODFILE_DIR_PATH}/Podfile.lock",
				"${PODS_ROOT}/Manifest.lock",
			);
			name = "[CP] Check Pods Manifest.lock";
			outputFileListPaths = (
			);
			outputPaths = (
				"$(DERIVED_FILE_DIR)/Pods-RSSReader-RSSReaderUITests-checkManifestLockResult.txt",
			);
			runOnlyForDeploymentPostprocessing = 0;
			shellPath = /bin/sh;
			shellScript = "diff \"${PODS_PODFILE_DIR_PATH}/Podfile.lock\" \"${PODS_ROOT}/Manifest.lock\" > /dev/null\nif [ $? != 0 ] ; then\n    # print error to STDERR\n    echo \"error: The sandbox is not in sync with the Podfile.lock. Run 'pod install' or update your CocoaPods installation.\" >&2\n    exit 1\nfi\n# This output is used by Xcode 'outputs' to avoid re-running this script phase.\necho \"SUCCESS\" > \"${SCRIPT_OUTPUT_FILE_0}\"\n";
			showEnvVarsInLog = 0;
		};
		2BBD2BD2D5F32D5BBA35CD75 /* [CP] Check Pods Manifest.lock */ = {
			isa = PBXShellScriptBuildPhase;
			buildActionMask = 2147483647;
			files = (
			);
			inputFileListPaths = (
			);
			inputPaths = (
				"${PODS_PODFILE_DIR_PATH}/Podfile.lock",
				"${PODS_ROOT}/Manifest.lock",
			);
			name = "[CP] Check Pods Manifest.lock";
			outputFileListPaths = (
			);
			outputPaths = (
				"$(DERIVED_FILE_DIR)/Pods-RSSReaderTests-checkManifestLockResult.txt",
			);
			runOnlyForDeploymentPostprocessing = 0;
			shellPath = /bin/sh;
			shellScript = "diff \"${PODS_PODFILE_DIR_PATH}/Podfile.lock\" \"${PODS_ROOT}/Manifest.lock\" > /dev/null\nif [ $? != 0 ] ; then\n    # print error to STDERR\n    echo \"error: The sandbox is not in sync with the Podfile.lock. Run 'pod install' or update your CocoaPods installation.\" >&2\n    exit 1\nfi\n# This output is used by Xcode 'outputs' to avoid re-running this script phase.\necho \"SUCCESS\" > \"${SCRIPT_OUTPUT_FILE_0}\"\n";
			showEnvVarsInLog = 0;
		};
		47FED5254DD898ADFE51DB5E /* [CP] Check Pods Manifest.lock */ = {
			isa = PBXShellScriptBuildPhase;
			buildActionMask = 2147483647;
			files = (
			);
			inputFileListPaths = (
			);
			inputPaths = (
				"${PODS_PODFILE_DIR_PATH}/Podfile.lock",
				"${PODS_ROOT}/Manifest.lock",
			);
			name = "[CP] Check Pods Manifest.lock";
			outputFileListPaths = (
			);
			outputPaths = (
				"$(DERIVED_FILE_DIR)/Pods-RSSReader-checkManifestLockResult.txt",
			);
			runOnlyForDeploymentPostprocessing = 0;
			shellPath = /bin/sh;
			shellScript = "diff \"${PODS_PODFILE_DIR_PATH}/Podfile.lock\" \"${PODS_ROOT}/Manifest.lock\" > /dev/null\nif [ $? != 0 ] ; then\n    # print error to STDERR\n    echo \"error: The sandbox is not in sync with the Podfile.lock. Run 'pod install' or update your CocoaPods installation.\" >&2\n    exit 1\nfi\n# This output is used by Xcode 'outputs' to avoid re-running this script phase.\necho \"SUCCESS\" > \"${SCRIPT_OUTPUT_FILE_0}\"\n";
			showEnvVarsInLog = 0;
		};
/* End PBXShellScriptBuildPhase section */

/* Begin PBXSourcesBuildPhase section */
		233E3E4D243C373B00A64EB3 /* Sources */ = {
			isa = PBXSourcesBuildPhase;
			buildActionMask = 2147483647;
			files = (
				233E3E59243C373B00A64EB3 /* ViewController.swift in Sources */,
				2393AEFC2446CC2900D7394F /* WebViewController.swift in Sources */,
				239ADBBC243D8D2A00EB6BD1 /* NewsType.swift in Sources */,
				239ADBBE243D8E3700EB6BD1 /* ArticleList.swift in Sources */,
				233E3E96243C7A2500A64EB3 /* RssClient.swift in Sources */,
				233E3E5F243C373C00A64EB3 /* RSSReader.xcdatamodeld in Sources */,
				233E3E8E243C503700A64EB3 /* RSSTableViewController.swift in Sources */,
				233E3E91243C68EF00A64EB3 /* CustomTableViewCell.swift in Sources */,
				2393AF002446DE4700D7394F /* UIViewControllerExtension.swift in Sources */,
				233E3E55243C373B00A64EB3 /* AppDelegate.swift in Sources */,
				233E3E57243C373B00A64EB3 /* SceneDelegate.swift in Sources */,
				233E3E88243C4CD700A64EB3 /* SplashViewController.swift in Sources */,
			);
			runOnlyForDeploymentPostprocessing = 0;
		};
		233E3E66243C373C00A64EB3 /* Sources */ = {
			isa = PBXSourcesBuildPhase;
			buildActionMask = 2147483647;
			files = (
				233E3E6F243C373C00A64EB3 /* RSSReaderTests.swift in Sources */,
			);
			runOnlyForDeploymentPostprocessing = 0;
		};
		233E3E71243C373C00A64EB3 /* Sources */ = {
			isa = PBXSourcesBuildPhase;
			buildActionMask = 2147483647;
			files = (
				233E3E7A243C373C00A64EB3 /* RSSReaderUITests.swift in Sources */,
			);
			runOnlyForDeploymentPostprocessing = 0;
		};
/* End PBXSourcesBuildPhase section */

/* Begin PBXTargetDependency section */
		233E3E6C243C373C00A64EB3 /* PBXTargetDependency */ = {
			isa = PBXTargetDependency;
			target = 233E3E50243C373B00A64EB3 /* RSSReader */;
			targetProxy = 233E3E6B243C373C00A64EB3 /* PBXContainerItemProxy */;
		};
		233E3E77243C373C00A64EB3 /* PBXTargetDependency */ = {
			isa = PBXTargetDependency;
			target = 233E3E50243C373B00A64EB3 /* RSSReader */;
			targetProxy = 233E3E76243C373C00A64EB3 /* PBXContainerItemProxy */;
		};
/* End PBXTargetDependency section */

/* Begin PBXVariantGroup section */
		233E3E5A243C373B00A64EB3 /* Main.storyboard */ = {
			isa = PBXVariantGroup;
			children = (
				233E3E5B243C373B00A64EB3 /* Base */,
			);
			name = Main.storyboard;
			sourceTree = "<group>";
		};
		233E3E62243C373C00A64EB3 /* LaunchScreen.storyboard */ = {
			isa = PBXVariantGroup;
			children = (
				233E3E63243C373C00A64EB3 /* Base */,
			);
			name = LaunchScreen.storyboard;
			sourceTree = "<group>";
		};
/* End PBXVariantGroup section */

/* Begin XCBuildConfiguration section */
		233E3E7C243C373C00A64EB3 /* Debug */ = {
			isa = XCBuildConfiguration;
			buildSettings = {
				ALWAYS_SEARCH_USER_PATHS = NO;
				CLANG_ANALYZER_NONNULL = YES;
				CLANG_ANALYZER_NUMBER_OBJECT_CONVERSION = YES_AGGRESSIVE;
				CLANG_CXX_LANGUAGE_STANDARD = "gnu++14";
				CLANG_CXX_LIBRARY = "libc++";
				CLANG_ENABLE_MODULES = YES;
				CLANG_ENABLE_OBJC_ARC = YES;
				CLANG_ENABLE_OBJC_WEAK = YES;
				CLANG_WARN_BLOCK_CAPTURE_AUTORELEASING = YES;
				CLANG_WARN_BOOL_CONVERSION = YES;
				CLANG_WARN_COMMA = YES;
				CLANG_WARN_CONSTANT_CONVERSION = YES;
				CLANG_WARN_DEPRECATED_OBJC_IMPLEMENTATIONS = YES;
				CLANG_WARN_DIRECT_OBJC_ISA_USAGE = YES_ERROR;
				CLANG_WARN_DOCUMENTATION_COMMENTS = YES;
				CLANG_WARN_EMPTY_BODY = YES;
				CLANG_WARN_ENUM_CONVERSION = YES;
				CLANG_WARN_INFINITE_RECURSION = YES;
				CLANG_WARN_INT_CONVERSION = YES;
				CLANG_WARN_NON_LITERAL_NULL_CONVERSION = YES;
				CLANG_WARN_OBJC_IMPLICIT_RETAIN_SELF = YES;
				CLANG_WARN_OBJC_LITERAL_CONVERSION = YES;
				CLANG_WARN_OBJC_ROOT_CLASS = YES_ERROR;
				CLANG_WARN_RANGE_LOOP_ANALYSIS = YES;
				CLANG_WARN_STRICT_PROTOTYPES = YES;
				CLANG_WARN_SUSPICIOUS_MOVE = YES;
				CLANG_WARN_UNGUARDED_AVAILABILITY = YES_AGGRESSIVE;
				CLANG_WARN_UNREACHABLE_CODE = YES;
				CLANG_WARN__DUPLICATE_METHOD_MATCH = YES;
				COPY_PHASE_STRIP = NO;
				DEBUG_INFORMATION_FORMAT = dwarf;
				ENABLE_STRICT_OBJC_MSGSEND = YES;
				ENABLE_TESTABILITY = YES;
				GCC_C_LANGUAGE_STANDARD = gnu11;
				GCC_DYNAMIC_NO_PIC = NO;
				GCC_NO_COMMON_BLOCKS = YES;
				GCC_OPTIMIZATION_LEVEL = 0;
				GCC_PREPROCESSOR_DEFINITIONS = (
					"DEBUG=1",
					"$(inherited)",
				);
				GCC_WARN_64_TO_32_BIT_CONVERSION = YES;
				GCC_WARN_ABOUT_RETURN_TYPE = YES_ERROR;
				GCC_WARN_UNDECLARED_SELECTOR = YES;
				GCC_WARN_UNINITIALIZED_AUTOS = YES_AGGRESSIVE;
				GCC_WARN_UNUSED_FUNCTION = YES;
				GCC_WARN_UNUSED_VARIABLE = YES;
				IPHONEOS_DEPLOYMENT_TARGET = 13.4;
				MTL_ENABLE_DEBUG_INFO = INCLUDE_SOURCE;
				MTL_FAST_MATH = YES;
				ONLY_ACTIVE_ARCH = YES;
				SDKROOT = iphoneos;
				SWIFT_ACTIVE_COMPILATION_CONDITIONS = DEBUG;
				SWIFT_OPTIMIZATION_LEVEL = "-Onone";
			};
			name = Debug;
		};
		233E3E7D243C373C00A64EB3 /* Release */ = {
			isa = XCBuildConfiguration;
			buildSettings = {
				ALWAYS_SEARCH_USER_PATHS = NO;
				CLANG_ANALYZER_NONNULL = YES;
				CLANG_ANALYZER_NUMBER_OBJECT_CONVERSION = YES_AGGRESSIVE;
				CLANG_CXX_LANGUAGE_STANDARD = "gnu++14";
				CLANG_CXX_LIBRARY = "libc++";
				CLANG_ENABLE_MODULES = YES;
				CLANG_ENABLE_OBJC_ARC = YES;
				CLANG_ENABLE_OBJC_WEAK = YES;
				CLANG_WARN_BLOCK_CAPTURE_AUTORELEASING = YES;
				CLANG_WARN_BOOL_CONVERSION = YES;
				CLANG_WARN_COMMA = YES;
				CLANG_WARN_CONSTANT_CONVERSION = YES;
				CLANG_WARN_DEPRECATED_OBJC_IMPLEMENTATIONS = YES;
				CLANG_WARN_DIRECT_OBJC_ISA_USAGE = YES_ERROR;
				CLANG_WARN_DOCUMENTATION_COMMENTS = YES;
				CLANG_WARN_EMPTY_BODY = YES;
				CLANG_WARN_ENUM_CONVERSION = YES;
				CLANG_WARN_INFINITE_RECURSION = YES;
				CLANG_WARN_INT_CONVERSION = YES;
				CLANG_WARN_NON_LITERAL_NULL_CONVERSION = YES;
				CLANG_WARN_OBJC_IMPLICIT_RETAIN_SELF = YES;
				CLANG_WARN_OBJC_LITERAL_CONVERSION = YES;
				CLANG_WARN_OBJC_ROOT_CLASS = YES_ERROR;
				CLANG_WARN_RANGE_LOOP_ANALYSIS = YES;
				CLANG_WARN_STRICT_PROTOTYPES = YES;
				CLANG_WARN_SUSPICIOUS_MOVE = YES;
				CLANG_WARN_UNGUARDED_AVAILABILITY = YES_AGGRESSIVE;
				CLANG_WARN_UNREACHABLE_CODE = YES;
				CLANG_WARN__DUPLICATE_METHOD_MATCH = YES;
				COPY_PHASE_STRIP = NO;
				DEBUG_INFORMATION_FORMAT = "dwarf-with-dsym";
				ENABLE_NS_ASSERTIONS = NO;
				ENABLE_STRICT_OBJC_MSGSEND = YES;
				GCC_C_LANGUAGE_STANDARD = gnu11;
				GCC_NO_COMMON_BLOCKS = YES;
				GCC_WARN_64_TO_32_BIT_CONVERSION = YES;
				GCC_WARN_ABOUT_RETURN_TYPE = YES_ERROR;
				GCC_WARN_UNDECLARED_SELECTOR = YES;
				GCC_WARN_UNINITIALIZED_AUTOS = YES_AGGRESSIVE;
				GCC_WARN_UNUSED_FUNCTION = YES;
				GCC_WARN_UNUSED_VARIABLE = YES;
				IPHONEOS_DEPLOYMENT_TARGET = 13.4;
				MTL_ENABLE_DEBUG_INFO = NO;
				MTL_FAST_MATH = YES;
				SDKROOT = iphoneos;
				SWIFT_COMPILATION_MODE = wholemodule;
				SWIFT_OPTIMIZATION_LEVEL = "-O";
				VALIDATE_PRODUCT = YES;
			};
			name = Release;
		};
		233E3E7F243C373C00A64EB3 /* Debug */ = {
			isa = XCBuildConfiguration;
			baseConfigurationReference = 166890AA1890C8568E746A27 /* Pods-RSSReader.debug.xcconfig */;
			buildSettings = {
				ASSETCATALOG_COMPILER_APPICON_NAME = AppIcon;
				CODE_SIGN_STYLE = Automatic;
				DEVELOPMENT_TEAM = 28MT4P79FD;
				INFOPLIST_FILE = RSSReader/Info.plist;
				IPHONEOS_DEPLOYMENT_TARGET = 11.4;
				LD_RUNPATH_SEARCH_PATHS = (
					"$(inherited)",
					"@executable_path/Frameworks",
				);
				PRODUCT_BUNDLE_IDENTIFIER = co.jp.vivinet.RSSReader;
				PRODUCT_NAME = "$(TARGET_NAME)";
				SWIFT_VERSION = 5.0;
				TARGETED_DEVICE_FAMILY = "1,2";
			};
			name = Debug;
		};
		233E3E80243C373C00A64EB3 /* Release */ = {
			isa = XCBuildConfiguration;
			baseConfigurationReference = 18C89AD9CEC549AFF0B54728 /* Pods-RSSReader.release.xcconfig */;
			buildSettings = {
				ASSETCATALOG_COMPILER_APPICON_NAME = AppIcon;
				CODE_SIGN_STYLE = Automatic;
				DEVELOPMENT_TEAM = 28MT4P79FD;
				INFOPLIST_FILE = RSSReader/Info.plist;
				IPHONEOS_DEPLOYMENT_TARGET = 11.4;
				LD_RUNPATH_SEARCH_PATHS = (
					"$(inherited)",
					"@executable_path/Frameworks",
				);
				PRODUCT_BUNDLE_IDENTIFIER = co.jp.vivinet.RSSReader;
				PRODUCT_NAME = "$(TARGET_NAME)";
				SWIFT_VERSION = 5.0;
				TARGETED_DEVICE_FAMILY = "1,2";
			};
			name = Release;
		};
		233E3E82243C373C00A64EB3 /* Debug */ = {
			isa = XCBuildConfiguration;
			baseConfigurationReference = 8D13B59CD5495D518D6CC72A /* Pods-RSSReaderTests.debug.xcconfig */;
			buildSettings = {
				ALWAYS_EMBED_SWIFT_STANDARD_LIBRARIES = YES;
				BUNDLE_LOADER = "$(TEST_HOST)";
				CODE_SIGN_STYLE = Automatic;
				DEVELOPMENT_TEAM = 28MT4P79FD;
				INFOPLIST_FILE = RSSReaderTests/Info.plist;
				IPHONEOS_DEPLOYMENT_TARGET = 13.4;
				LD_RUNPATH_SEARCH_PATHS = (
					"$(inherited)",
					"@executable_path/Frameworks",
					"@loader_path/Frameworks",
				);
				PRODUCT_BUNDLE_IDENTIFIER = co.jp.vivinet.RSSReaderTests;
				PRODUCT_NAME = "$(TARGET_NAME)";
				SWIFT_VERSION = 5.0;
				TARGETED_DEVICE_FAMILY = "1,2";
				TEST_HOST = "$(BUILT_PRODUCTS_DIR)/RSSReader.app/RSSReader";
			};
			name = Debug;
		};
		233E3E83243C373C00A64EB3 /* Release */ = {
			isa = XCBuildConfiguration;
			baseConfigurationReference = E422EE16FC12F303F24FA374 /* Pods-RSSReaderTests.release.xcconfig */;
			buildSettings = {
				ALWAYS_EMBED_SWIFT_STANDARD_LIBRARIES = YES;
				BUNDLE_LOADER = "$(TEST_HOST)";
				CODE_SIGN_STYLE = Automatic;
				DEVELOPMENT_TEAM = 28MT4P79FD;
				INFOPLIST_FILE = RSSReaderTests/Info.plist;
				IPHONEOS_DEPLOYMENT_TARGET = 13.4;
				LD_RUNPATH_SEARCH_PATHS = (
					"$(inherited)",
					"@executable_path/Frameworks",
					"@loader_path/Frameworks",
				);
				PRODUCT_BUNDLE_IDENTIFIER = co.jp.vivinet.RSSReaderTests;
				PRODUCT_NAME = "$(TARGET_NAME)";
				SWIFT_VERSION = 5.0;
				TARGETED_DEVICE_FAMILY = "1,2";
				TEST_HOST = "$(BUILT_PRODUCTS_DIR)/RSSReader.app/RSSReader";
			};
			name = Release;
		};
		233E3E85243C373C00A64EB3 /* Debug */ = {
			isa = XCBuildConfiguration;
			baseConfigurationReference = 81450DA92986B38B640C91C2 /* Pods-RSSReader-RSSReaderUITests.debug.xcconfig */;
			buildSettings = {
				ALWAYS_EMBED_SWIFT_STANDARD_LIBRARIES = YES;
				CODE_SIGN_STYLE = Automatic;
				DEVELOPMENT_TEAM = 28MT4P79FD;
				INFOPLIST_FILE = RSSReaderUITests/Info.plist;
				LD_RUNPATH_SEARCH_PATHS = (
					"$(inherited)",
					"@executable_path/Frameworks",
					"@loader_path/Frameworks",
				);
				PRODUCT_BUNDLE_IDENTIFIER = co.jp.vivinet.RSSReaderUITests;
				PRODUCT_NAME = "$(TARGET_NAME)";
				SWIFT_VERSION = 5.0;
				TARGETED_DEVICE_FAMILY = "1,2";
				TEST_TARGET_NAME = RSSReader;
			};
			name = Debug;
		};
		233E3E86243C373C00A64EB3 /* Release */ = {
			isa = XCBuildConfiguration;
			baseConfigurationReference = FC025077D92145CE0F46E7C3 /* Pods-RSSReader-RSSReaderUITests.release.xcconfig */;
			buildSettings = {
				ALWAYS_EMBED_SWIFT_STANDARD_LIBRARIES = YES;
				CODE_SIGN_STYLE = Automatic;
				DEVELOPMENT_TEAM = 28MT4P79FD;
				INFOPLIST_FILE = RSSReaderUITests/Info.plist;
				LD_RUNPATH_SEARCH_PATHS = (
					"$(inherited)",
					"@executable_path/Frameworks",
					"@loader_path/Frameworks",
				);
				PRODUCT_BUNDLE_IDENTIFIER = co.jp.vivinet.RSSReaderUITests;
				PRODUCT_NAME = "$(TARGET_NAME)";
				SWIFT_VERSION = 5.0;
				TARGETED_DEVICE_FAMILY = "1,2";
				TEST_TARGET_NAME = RSSReader;
			};
			name = Release;
		};
/* End XCBuildConfiguration section */

/* Begin XCConfigurationList section */
		233E3E4C243C373B00A64EB3 /* Build configuration list for PBXProject "RSSReader" */ = {
			isa = XCConfigurationList;
			buildConfigurations = (
				233E3E7C243C373C00A64EB3 /* Debug */,
				233E3E7D243C373C00A64EB3 /* Release */,
			);
			defaultConfigurationIsVisible = 0;
			defaultConfigurationName = Release;
		};
		233E3E7E243C373C00A64EB3 /* Build configuration list for PBXNativeTarget "RSSReader" */ = {
			isa = XCConfigurationList;
			buildConfigurations = (
				233E3E7F243C373C00A64EB3 /* Debug */,
				233E3E80243C373C00A64EB3 /* Release */,
			);
			defaultConfigurationIsVisible = 0;
			defaultConfigurationName = Release;
		};
		233E3E81243C373C00A64EB3 /* Build configuration list for PBXNativeTarget "RSSReaderTests" */ = {
			isa = XCConfigurationList;
			buildConfigurations = (
				233E3E82243C373C00A64EB3 /* Debug */,
				233E3E83243C373C00A64EB3 /* Release */,
			);
			defaultConfigurationIsVisible = 0;
			defaultConfigurationName = Release;
		};
		233E3E84243C373C00A64EB3 /* Build configuration list for PBXNativeTarget "RSSReaderUITests" */ = {
			isa = XCConfigurationList;
			buildConfigurations = (
				233E3E85243C373C00A64EB3 /* Debug */,
				233E3E86243C373C00A64EB3 /* Release */,
			);
			defaultConfigurationIsVisible = 0;
			defaultConfigurationName = Release;
		};
/* End XCConfigurationList section */

/* Begin XCVersionGroup section */
		233E3E5D243C373C00A64EB3 /* RSSReader.xcdatamodeld */ = {
			isa = XCVersionGroup;
			children = (
				233E3E5E243C373C00A64EB3 /* RSSReader.xcdatamodel */,
			);
			currentVersion = 233E3E5E243C373C00A64EB3 /* RSSReader.xcdatamodel */;
			path = RSSReader.xcdatamodeld;
			sourceTree = "<group>";
			versionGroupType = wrapper.xcdatamodel;
		};
/* End XCVersionGroup section */
	};
	rootObject = 233E3E49243C373B00A64EB3 /* Project object */;
}
